Microsoft Visual Studio Solution File, Format Version 12.00
# Visual Studio Version 16
VisualStudioVersion = 16.0.28729.10
MinimumVisualStudioVersion = 10.0.40219.1
Project("{FAE04EC0-301F-11D3-BF4B-00C04F79EFBC}") = "CodeGenerator", "CodeGenerator\CodeGenerator.csproj", "{98AF7216-D401-44A4-A5DA-F55535868971}"
EndProject
Project("{9A19103F-16F7-4668-BE54-9A1E7A4F7556}") = "IX.Abstractions.Collections", "IX.Abstractions.Collections\IX.Abstractions.Collections.csproj", "{1A480A4C-62D6-4142-B0FB-B7370C807CE9}"
EndProject
Project("{9A19103F-16F7-4668-BE54-9A1E7A4F7556}") = "IX.Abstractions.FileSystem", "IX.Abstractions.FileSystem\IX.Abstractions.FileSystem.csproj", "{2150D28D-4C1D-4FB2-B1F4-7CAD52336F79}"
EndProject
Project("{9A19103F-16F7-4668-BE54-9A1E7A4F7556}") = "IX.Abstractions.Moq", "IX.Abstractions.Moq\IX.Abstractions.Moq.csproj", "{8600A231-212B-43DC-8F8B-F35671DC9D36}"
EndProject
Project("{9A19103F-16F7-4668-BE54-9A1E7A4F7556}") = "IX.Abstractions.Threading", "IX.Abstractions.Threading\IX.Abstractions.Threading.csproj", "{415B9332-31A3-47A7-AD1B-BA731DEC3958}"
EndProject
Project("{9A19103F-16F7-4668-BE54-9A1E7A4F7556}") = "IX.StandardExtensions.ComponentModel", "IX.StandardExtensions.ComponentModel\IX.StandardExtensions.ComponentModel.csproj", "{B68675D0-0D50-4E02-A673-0A0837DFBDE3}"
EndProject
Project("{9A19103F-16F7-4668-BE54-9A1E7A4F7556}") = "IX.StandardExtensions.TestUtils", "IX.StandardExtensions.TestUtils\IX.StandardExtensions.TestUtils.csproj", "{1F5ECE36-CBE7-43F3-BD0B-D0E00FE11C34}"
EndProject
Project("{9A19103F-16F7-4668-BE54-9A1E7A4F7556}") = "IX.StandardExtensions.Threading", "IX.StandardExtensions.Threading\IX.StandardExtensions.Threading.csproj", "{BA6843F8-EC38-45E8-9271-DC40B38D9030}"
EndProject
Project("{2150E333-8FDC-42A3-9474-1A3956D46DE8}") = "Solution Items", "Solution Items", "{5E05B9C5-6765-44FC-8A6E-BEE018BDEA9B}"
EndProject
Project("{2150E333-8FDC-42A3-9474-1A3956D46DE8}") = "Base Framework", "Base Framework", "{F3C41F80-7727-43D0-80D1-7973A81E5C12}"
EndProject
Project("{2150E333-8FDC-42A3-9474-1A3956D46DE8}") = "Recovery", "Recovery", "{8AE64D45-7D3E-42A3-92B0-CACFA2FDF925}"
EndProject
Project("{9A19103F-16F7-4668-BE54-9A1E7A4F7556}") = "IX.Retry", "IX.Retry\IX.Retry.csproj", "{3D2BD0C4-807F-4F30-8EB4-911584DAB9B2}"
EndProject
Project("{9A19103F-16F7-4668-BE54-9A1E7A4F7556}") = "IX.StandardExtensions.WPF", "IX.StandardExtensions.WPF\IX.StandardExtensions.WPF.csproj", "{5847915C-3A4F-4327-821C-D775EDAF99D1}"
EndProject
Project("{2150E333-8FDC-42A3-9474-1A3956D46DE8}") = "GitHub Documentation", "GitHub Documentation", "{CF1DED9F-4975-4D48-91D3-0FA13BBC9EBD}"
	ProjectSection(SolutionItems) = preProject
		..\LICENSE.md = ..\LICENSE.md
		..\README.md = ..\README.md
	EndProjectSection
EndProject
Project("{9A19103F-16F7-4668-BE54-9A1E7A4F7556}") = "IX.Guaranteed", "IX.Guaranteed\IX.Guaranteed.csproj", "{C41E5D49-1574-4498-9419-1F277A881898}"
EndProject
Project("{2150E333-8FDC-42A3-9474-1A3956D46DE8}") = "Tests", "Tests", "{B5529E7C-26C5-4A91-BA0E-EDEA9D367DA3}"
EndProject
Project("{9A19103F-16F7-4668-BE54-9A1E7A4F7556}") = "IX.UnitTests", "IX.UnitTests\IX.UnitTests.csproj", "{EE8BE730-7219-4FE1-B975-248FB6255DB1}"
EndProject
Project("{2150E333-8FDC-42A3-9474-1A3956D46DE8}") = "doc", "doc", "{3F348EC4-7C52-46AA-B13D-67DAC513EE48}"
	ProjectSection(SolutionItems) = preProject
		..\doc\IX.Retry.md = ..\doc\IX.Retry.md
		..\doc\IX.StandardExtensions.md = ..\doc\IX.StandardExtensions.md
	EndProjectSection
EndProject
Project("{2150E333-8FDC-42A3-9474-1A3956D46DE8}") = "TestUtils", "TestUtils", "{742AB56C-6EEE-4DDC-96E9-95E59612FBC1}"
EndProject
Project("{2150E333-8FDC-42A3-9474-1A3956D46DE8}") = "WPF", "WPF", "{8688F7D5-D256-452F-A3A8-A7408DEBA85F}"
EndProject
Project("{2150E333-8FDC-42A3-9474-1A3956D46DE8}") = "Build Configurations", "Build Configurations", "{F7C7F358-C8BF-4126-AE44-F4CA067EB4CE}"
	ProjectSection(SolutionItems) = preProject
		azure.devops.devci.yaml = azure.devops.devci.yaml
		azure.devops.masterci.yaml = azure.devops.masterci.yaml
		azure.devops.releasebuild.yaml = azure.devops.releasebuild.yaml
	EndProjectSection
EndProject
Project("{2150E333-8FDC-42A3-9474-1A3956D46DE8}") = "IDE Configuration", "IDE Configuration", "{9ACF55FC-8537-4C24-8D87-54B21F95FD52}"
	ProjectSection(SolutionItems) = preProject
		.editorconfig = .editorconfig
		stylecop.json = stylecop.json
	EndProjectSection
EndProject
Global
	GlobalSection(SolutionConfigurationPlatforms) = preSolution
		Debug|Any CPU = Debug|Any CPU
		Release|Any CPU = Release|Any CPU
	EndGlobalSection
	GlobalSection(ProjectConfigurationPlatforms) = postSolution
		{98AF7216-D401-44A4-A5DA-F55535868971}.Debug|Any CPU.ActiveCfg = Debug|Any CPU
		{98AF7216-D401-44A4-A5DA-F55535868971}.Release|Any CPU.ActiveCfg = Release|Any CPU
		{1A480A4C-62D6-4142-B0FB-B7370C807CE9}.Debug|Any CPU.ActiveCfg = Debug|Any CPU
		{1A480A4C-62D6-4142-B0FB-B7370C807CE9}.Debug|Any CPU.Build.0 = Debug|Any CPU
		{1A480A4C-62D6-4142-B0FB-B7370C807CE9}.Release|Any CPU.ActiveCfg = Release|Any CPU
		{1A480A4C-62D6-4142-B0FB-B7370C807CE9}.Release|Any CPU.Build.0 = Release|Any CPU
		{2150D28D-4C1D-4FB2-B1F4-7CAD52336F79}.Debug|Any CPU.ActiveCfg = Debug|Any CPU
		{2150D28D-4C1D-4FB2-B1F4-7CAD52336F79}.Debug|Any CPU.Build.0 = Debug|Any CPU
		{2150D28D-4C1D-4FB2-B1F4-7CAD52336F79}.Release|Any CPU.ActiveCfg = Release|Any CPU
		{2150D28D-4C1D-4FB2-B1F4-7CAD52336F79}.Release|Any CPU.Build.0 = Release|Any CPU
		{8600A231-212B-43DC-8F8B-F35671DC9D36}.Debug|Any CPU.ActiveCfg = Debug|Any CPU
		{8600A231-212B-43DC-8F8B-F35671DC9D36}.Debug|Any CPU.Build.0 = Debug|Any CPU
		{8600A231-212B-43DC-8F8B-F35671DC9D36}.Release|Any CPU.ActiveCfg = Release|Any CPU
		{8600A231-212B-43DC-8F8B-F35671DC9D36}.Release|Any CPU.Build.0 = Release|Any CPU
		{415B9332-31A3-47A7-AD1B-BA731DEC3958}.Debug|Any CPU.ActiveCfg = Debug|Any CPU
		{415B9332-31A3-47A7-AD1B-BA731DEC3958}.Debug|Any CPU.Build.0 = Debug|Any CPU
		{415B9332-31A3-47A7-AD1B-BA731DEC3958}.Release|Any CPU.ActiveCfg = Release|Any CPU
		{415B9332-31A3-47A7-AD1B-BA731DEC3958}.Release|Any CPU.Build.0 = Release|Any CPU
		{B68675D0-0D50-4E02-A673-0A0837DFBDE3}.Debug|Any CPU.ActiveCfg = Debug|Any CPU
		{B68675D0-0D50-4E02-A673-0A0837DFBDE3}.Debug|Any CPU.Build.0 = Debug|Any CPU
		{B68675D0-0D50-4E02-A673-0A0837DFBDE3}.Release|Any CPU.ActiveCfg = Release|Any CPU
		{B68675D0-0D50-4E02-A673-0A0837DFBDE3}.Release|Any CPU.Build.0 = Release|Any CPU
		{1F5ECE36-CBE7-43F3-BD0B-D0E00FE11C34}.Debug|Any CPU.ActiveCfg = Debug|Any CPU
		{1F5ECE36-CBE7-43F3-BD0B-D0E00FE11C34}.Debug|Any CPU.Build.0 = Debug|Any CPU
		{1F5ECE36-CBE7-43F3-BD0B-D0E00FE11C34}.Release|Any CPU.ActiveCfg = Release|Any CPU
		{1F5ECE36-CBE7-43F3-BD0B-D0E00FE11C34}.Release|Any CPU.Build.0 = Release|Any CPU
		{BA6843F8-EC38-45E8-9271-DC40B38D9030}.Debug|Any CPU.ActiveCfg = Debug|Any CPU
		{BA6843F8-EC38-45E8-9271-DC40B38D9030}.Debug|Any CPU.Build.0 = Debug|Any CPU
		{BA6843F8-EC38-45E8-9271-DC40B38D9030}.Release|Any CPU.ActiveCfg = Release|Any CPU
		{BA6843F8-EC38-45E8-9271-DC40B38D9030}.Release|Any CPU.Build.0 = Release|Any CPU
		{3D2BD0C4-807F-4F30-8EB4-911584DAB9B2}.Debug|Any CPU.ActiveCfg = Debug|Any CPU
		{3D2BD0C4-807F-4F30-8EB4-911584DAB9B2}.Debug|Any CPU.Build.0 = Debug|Any CPU
		{3D2BD0C4-807F-4F30-8EB4-911584DAB9B2}.Release|Any CPU.ActiveCfg = Release|Any CPU
		{3D2BD0C4-807F-4F30-8EB4-911584DAB9B2}.Release|Any CPU.Build.0 = Release|Any CPU
		{5847915C-3A4F-4327-821C-D775EDAF99D1}.Debug|Any CPU.ActiveCfg = Debug|Any CPU
		{5847915C-3A4F-4327-821C-D775EDAF99D1}.Debug|Any CPU.Build.0 = Debug|Any CPU
		{5847915C-3A4F-4327-821C-D775EDAF99D1}.Release|Any CPU.ActiveCfg = Release|Any CPU
		{5847915C-3A4F-4327-821C-D775EDAF99D1}.Release|Any CPU.Build.0 = Release|Any CPU
		{C41E5D49-1574-4498-9419-1F277A881898}.Debug|Any CPU.ActiveCfg = Debug|Any CPU
		{C41E5D49-1574-4498-9419-1F277A881898}.Debug|Any CPU.Build.0 = Debug|Any CPU
		{C41E5D49-1574-4498-9419-1F277A881898}.Release|Any CPU.ActiveCfg = Release|Any CPU
		{C41E5D49-1574-4498-9419-1F277A881898}.Release|Any CPU.Build.0 = Release|Any CPU
		{EE8BE730-7219-4FE1-B975-248FB6255DB1}.Debug|Any CPU.ActiveCfg = Debug|Any CPU
		{EE8BE730-7219-4FE1-B975-248FB6255DB1}.Debug|Any CPU.Build.0 = Debug|Any CPU
		{EE8BE730-7219-4FE1-B975-248FB6255DB1}.Release|Any CPU.ActiveCfg = Release|Any CPU
		{EE8BE730-7219-4FE1-B975-248FB6255DB1}.Release|Any CPU.Build.0 = Release|Any CPU
	EndGlobalSection
	GlobalSection(SolutionProperties) = preSolution
		HideSolutionNode = FALSE
	EndGlobalSection
	GlobalSection(NestedProjects) = preSolution
		{1A480A4C-62D6-4142-B0FB-B7370C807CE9} = {F3C41F80-7727-43D0-80D1-7973A81E5C12}
		{2150D28D-4C1D-4FB2-B1F4-7CAD52336F79} = {F3C41F80-7727-43D0-80D1-7973A81E5C12}
		{8600A231-212B-43DC-8F8B-F35671DC9D36} = {742AB56C-6EEE-4DDC-96E9-95E59612FBC1}
		{415B9332-31A3-47A7-AD1B-BA731DEC3958} = {F3C41F80-7727-43D0-80D1-7973A81E5C12}
		{B68675D0-0D50-4E02-A673-0A0837DFBDE3} = {F3C41F80-7727-43D0-80D1-7973A81E5C12}
		{1F5ECE36-CBE7-43F3-BD0B-D0E00FE11C34} = {742AB56C-6EEE-4DDC-96E9-95E59612FBC1}
		{BA6843F8-EC38-45E8-9271-DC40B38D9030} = {F3C41F80-7727-43D0-80D1-7973A81E5C12}
		{3D2BD0C4-807F-4F30-8EB4-911584DAB9B2} = {8AE64D45-7D3E-42A3-92B0-CACFA2FDF925}
		{5847915C-3A4F-4327-821C-D775EDAF99D1} = {8688F7D5-D256-452F-A3A8-A7408DEBA85F}
		{C41E5D49-1574-4498-9419-1F277A881898} = {8AE64D45-7D3E-42A3-92B0-CACFA2FDF925}
		{EE8BE730-7219-4FE1-B975-248FB6255DB1} = {B5529E7C-26C5-4A91-BA0E-EDEA9D367DA3}
		{3F348EC4-7C52-46AA-B13D-67DAC513EE48} = {CF1DED9F-4975-4D48-91D3-0FA13BBC9EBD}
		{F7C7F358-C8BF-4126-AE44-F4CA067EB4CE} = {5E05B9C5-6765-44FC-8A6E-BEE018BDEA9B}
		{9ACF55FC-8537-4C24-8D87-54B21F95FD52} = {5E05B9C5-6765-44FC-8A6E-BEE018BDEA9B}
	EndGlobalSection
	GlobalSection(ExtensibilityGlobals) = postSolution
		SolutionGuid = {E982D088-16DA-46BF-A043-B1326577DB77}
	EndGlobalSection
EndGlobal
