Microsoft Visual Studio Solution File, Format Version 12.00
# Visual Studio 15
VisualStudioVersion = 15.0.27130.2036
MinimumVisualStudioVersion = 10.0.40219.1
Project("{9A19103F-16F7-4668-BE54-9A1E7A4F7556}") = "IX.StandardExtensions", "IX.StandardExtensions\IX.StandardExtensions.csproj", "{A3D15D3A-BD82-4D19-BC32-56148D879FF4}"
EndProject
Project("{FAE04EC0-301F-11D3-BF4B-00C04F79EFBC}") = "CodeGenerator", "CodeGenerator\CodeGenerator.csproj", "{98AF7216-D401-44A4-A5DA-F55535868971}"
EndProject
Project("{9A19103F-16F7-4668-BE54-9A1E7A4F7556}") = "IX.Abstractions.Collections", "IX.Abstractions.Collections\IX.Abstractions.Collections.csproj", "{1A480A4C-62D6-4142-B0FB-B7370C807CE9}"
EndProject
Project("{9A19103F-16F7-4668-BE54-9A1E7A4F7556}") = "IX.Abstractions.FileSystem", "IX.Abstractions.FileSystem\IX.Abstractions.FileSystem.csproj", "{2150D28D-4C1D-4FB2-B1F4-7CAD52336F79}"
EndProject
Project("{9A19103F-16F7-4668-BE54-9A1E7A4F7556}") = "IX.Abstractions.Moq", "IX.Abstractions.Moq\IX.Abstractions.Moq.csproj", "{8600A231-212B-43DC-8F8B-F35671DC9D36}"
EndProject
Project("{9A19103F-16F7-4668-BE54-9A1E7A4F7556}") = "IX.Abstractions.Threading", "IX.Abstractions.Threading\IX.Abstractions.Threading.csproj", "{415B9332-31A3-47A7-AD1B-BA731DEC3958}"
EndProject
Project("{9A19103F-16F7-4668-BE54-9A1E7A4F7556}") = "IX.StandardExtensions.ComponentModel", "IX.StandardExtensions.ComponentModel\IX.StandardExtensions.ComponentModel.csproj", "{B68675D0-0D50-4E02-A673-0A0837DFBDE3}"
EndProject
Project("{9A19103F-16F7-4668-BE54-9A1E7A4F7556}") = "IX.StandardExtensions.Tests.Benchmarking", "IX.StandardExtensions.Tests.Benchmarking\IX.StandardExtensions.Tests.Benchmarking.csproj", "{2EC24CD2-F8FF-4542-97D0-1198CF49C141}"
EndProject
Project("{9A19103F-16F7-4668-BE54-9A1E7A4F7556}") = "IX.StandardExtensions.TestUtils", "IX.StandardExtensions.TestUtils\IX.StandardExtensions.TestUtils.csproj", "{1F5ECE36-CBE7-43F3-BD0B-D0E00FE11C34}"
EndProject
Project("{9A19103F-16F7-4668-BE54-9A1E7A4F7556}") = "IX.StandardExtensions.Threading", "IX.StandardExtensions.Threading\IX.StandardExtensions.Threading.csproj", "{BA6843F8-EC38-45E8-9271-DC40B38D9030}"
EndProject
Project("{9A19103F-16F7-4668-BE54-9A1E7A4F7556}") = "IX.Abstractions", "IX.Abstractions\IX.Abstractions.csproj", "{8CFFDFA8-C702-482D-B396-1212ECBF377B}"
EndProject
Project("{9A19103F-16F7-4668-BE54-9A1E7A4F7556}") = "IX.Sandbox.Memory", "IX.Sandbox.Memory\IX.Sandbox.Memory.csproj", "{F68D2194-36EE-45E3-824A-62EAD623BB33}"
	ProjectSection(ProjectDependencies) = postProject
		{98AF7216-D401-44A4-A5DA-F55535868971} = {98AF7216-D401-44A4-A5DA-F55535868971}
	EndProjectSection
EndProject
Project("{9A19103F-16F7-4668-BE54-9A1E7A4F7556}") = "IX.Observable", "IX.Observable\IX.Observable.csproj", "{A4F3FDD5-CC81-4FE8-AEBE-4E6BF1D77EC0}"
EndProject
Project("{9A19103F-16F7-4668-BE54-9A1E7A4F7556}") = "IX.Observable.UnitTests", "IX.Observable.UnitTests\IX.Observable.UnitTests.csproj", "{4188C3CA-4487-44F8-B258-CF7C7ABBCE2C}"
EndProject
Project("{9A19103F-16F7-4668-BE54-9A1E7A4F7556}") = "IX.Undoable", "IX.Undoable\IX.Undoable.csproj", "{B1B35F4A-031F-477E-8061-290C5C6F55D2}"
EndProject
Project("{9A19103F-16F7-4668-BE54-9A1E7A4F7556}") = "IX.Undoable.WPF", "IX.Undoable.WPF\IX.Undoable.WPF.csproj", "{34562286-322A-4F6D-9502-9807D32E63FD}"
EndProject
Project("{2150E333-8FDC-42A3-9474-1A3956D46DE8}") = "Solution Items", "Solution Items", "{5E05B9C5-6765-44FC-8A6E-BEE018BDEA9B}"
	ProjectSection(SolutionItems) = preProject
		.editorconfig = .editorconfig
		..\appveyor.yml = ..\appveyor.yml
		stylecop.json = stylecop.json
	EndProjectSection
EndProject
Project("{2150E333-8FDC-42A3-9474-1A3956D46DE8}") = "Abstractions", "Abstractions", "{F3C41F80-7727-43D0-80D1-7973A81E5C12}"
EndProject
Project("{2150E333-8FDC-42A3-9474-1A3956D46DE8}") = "StandardExtensions", "StandardExtensions", "{9141E8DC-E552-4591-883D-3BF52099F6ED}"
EndProject
Project("{2150E333-8FDC-42A3-9474-1A3956D46DE8}") = "Undoable", "Undoable", "{052E8399-1779-48D7-83D1-A0EF2F21CA30}"
EndProject
Project("{2150E333-8FDC-42A3-9474-1A3956D46DE8}") = "Observable", "Observable", "{3FC2BB77-E3F8-4A2C-B481-92E317747B3D}"
EndProject
Project("{2150E333-8FDC-42A3-9474-1A3956D46DE8}") = "Sandbox", "Sandbox", "{F93C1294-50E1-4A21-8554-AD759470B021}"
EndProject
Project("{2150E333-8FDC-42A3-9474-1A3956D46DE8}") = "Recovery", "Recovery", "{8AE64D45-7D3E-42A3-92B0-CACFA2FDF925}"
EndProject
Project("{9A19103F-16F7-4668-BE54-9A1E7A4F7556}") = "IX.Retry", "IX.Retry\IX.Retry.csproj", "{3D2BD0C4-807F-4F30-8EB4-911584DAB9B2}"
EndProject
Project("{2150E333-8FDC-42A3-9474-1A3956D46DE8}") = "Math", "Math", "{2D9F59CE-ED13-4F54-995D-3269A92D14BF}"
EndProject
Project("{9A19103F-16F7-4668-BE54-9A1E7A4F7556}") = "IX.Math", "IX.Math\IX.Math.csproj", "{74ED720B-9C04-4407-8A1D-1A7871FDB888}"
EndProject
Project("{9A19103F-16F7-4668-BE54-9A1E7A4F7556}") = "IX.StandardExtensions.WPF", "IX.StandardExtensions.WPF\IX.StandardExtensions.WPF.csproj", "{5847915C-3A4F-4327-821C-D775EDAF99D1}"
EndProject
Project("{2150E333-8FDC-42A3-9474-1A3956D46DE8}") = "Props", "Props", "{6AE6F3F7-FE0A-4CC0-AD3A-948D6764E9C1}"
	ProjectSection(SolutionItems) = preProject
		Branding.props = Branding.props
		CliToolsReference.Normal.targets = CliToolsReference.Normal.targets
		CliToolsReference.UnitTests.targets = CliToolsReference.UnitTests.targets
		DefaultPackageVersionSystem.props = DefaultPackageVersionSystem.props
		DocumentationFile.props = DocumentationFile.props
		PackageSettings.props = PackageSettings.props
		StyleCop.targets = StyleCop.targets
		TargetSymbols.props = TargetSymbols.props
		UnitTests.targets = UnitTests.targets
		UnitTestStandard.props = UnitTestStandard.props
		VsCodeRemove.targets = VsCodeRemove.targets
	EndProjectSection
EndProject
Project("{2150E333-8FDC-42A3-9474-1A3956D46DE8}") = "GitHub Documentation", "GitHub Documentation", "{CF1DED9F-4975-4D48-91D3-0FA13BBC9EBD}"
	ProjectSection(SolutionItems) = preProject
		..\IX.Math.md = ..\IX.Math.md
		IX.Observable.md = IX.Observable.md
		..\IX.Retry.md = ..\IX.Retry.md
		..\IX.StandardExtensions.md = ..\IX.StandardExtensions.md
		IX.Undoable.md = IX.Undoable.md
		..\LICENSE.md = ..\LICENSE.md
		..\README.md = ..\README.md
	EndProjectSection
EndProject
Project("{9A19103F-16F7-4668-BE54-9A1E7A4F7556}") = "IX.Guaranteed", "IX.Guaranteed\IX.Guaranteed.csproj", "{C41E5D49-1574-4498-9419-1F277A881898}"
EndProject
Project("{2150E333-8FDC-42A3-9474-1A3956D46DE8}") = "Tests", "Tests", "{B5529E7C-26C5-4A91-BA0E-EDEA9D367DA3}"
EndProject
Project("{9A19103F-16F7-4668-BE54-9A1E7A4F7556}") = "Benchmarks", "Benchmarks\Benchmarks.csproj", "{D747734D-B1AE-4757-BAC6-13785805626D}"
EndProject
Project("{9A19103F-16F7-4668-BE54-9A1E7A4F7556}") = "IX.UnitTests", "IX.UnitTests\IX.UnitTests.csproj", "{EE8BE730-7219-4FE1-B975-248FB6255DB1}"
EndProject
Global
	GlobalSection(SolutionConfigurationPlatforms) = preSolution
		Debug|Any CPU = Debug|Any CPU
		Release|Any CPU = Release|Any CPU
	EndGlobalSection
	GlobalSection(ProjectConfigurationPlatforms) = postSolution
		{A3D15D3A-BD82-4D19-BC32-56148D879FF4}.Debug|Any CPU.ActiveCfg = Debug|Any CPU
		{A3D15D3A-BD82-4D19-BC32-56148D879FF4}.Debug|Any CPU.Build.0 = Debug|Any CPU
		{A3D15D3A-BD82-4D19-BC32-56148D879FF4}.Release|Any CPU.ActiveCfg = Release|Any CPU
		{A3D15D3A-BD82-4D19-BC32-56148D879FF4}.Release|Any CPU.Build.0 = Release|Any CPU
		{98AF7216-D401-44A4-A5DA-F55535868971}.Debug|Any CPU.ActiveCfg = Debug|Any CPU
		{98AF7216-D401-44A4-A5DA-F55535868971}.Release|Any CPU.ActiveCfg = Release|Any CPU
		{1A480A4C-62D6-4142-B0FB-B7370C807CE9}.Debug|Any CPU.ActiveCfg = Debug|Any CPU
		{1A480A4C-62D6-4142-B0FB-B7370C807CE9}.Debug|Any CPU.Build.0 = Debug|Any CPU
		{1A480A4C-62D6-4142-B0FB-B7370C807CE9}.Release|Any CPU.ActiveCfg = Release|Any CPU
		{1A480A4C-62D6-4142-B0FB-B7370C807CE9}.Release|Any CPU.Build.0 = Release|Any CPU
		{2150D28D-4C1D-4FB2-B1F4-7CAD52336F79}.Debug|Any CPU.ActiveCfg = Debug|Any CPU
		{2150D28D-4C1D-4FB2-B1F4-7CAD52336F79}.Debug|Any CPU.Build.0 = Debug|Any CPU
		{2150D28D-4C1D-4FB2-B1F4-7CAD52336F79}.Release|Any CPU.ActiveCfg = Release|Any CPU
		{2150D28D-4C1D-4FB2-B1F4-7CAD52336F79}.Release|Any CPU.Build.0 = Release|Any CPU
		{8600A231-212B-43DC-8F8B-F35671DC9D36}.Debug|Any CPU.ActiveCfg = Debug|Any CPU
		{8600A231-212B-43DC-8F8B-F35671DC9D36}.Debug|Any CPU.Build.0 = Debug|Any CPU
		{8600A231-212B-43DC-8F8B-F35671DC9D36}.Release|Any CPU.ActiveCfg = Release|Any CPU
		{8600A231-212B-43DC-8F8B-F35671DC9D36}.Release|Any CPU.Build.0 = Release|Any CPU
		{415B9332-31A3-47A7-AD1B-BA731DEC3958}.Debug|Any CPU.ActiveCfg = Debug|Any CPU
		{415B9332-31A3-47A7-AD1B-BA731DEC3958}.Debug|Any CPU.Build.0 = Debug|Any CPU
		{415B9332-31A3-47A7-AD1B-BA731DEC3958}.Release|Any CPU.ActiveCfg = Release|Any CPU
		{415B9332-31A3-47A7-AD1B-BA731DEC3958}.Release|Any CPU.Build.0 = Release|Any CPU
		{B68675D0-0D50-4E02-A673-0A0837DFBDE3}.Debug|Any CPU.ActiveCfg = Debug|Any CPU
		{B68675D0-0D50-4E02-A673-0A0837DFBDE3}.Debug|Any CPU.Build.0 = Debug|Any CPU
		{B68675D0-0D50-4E02-A673-0A0837DFBDE3}.Release|Any CPU.ActiveCfg = Release|Any CPU
		{B68675D0-0D50-4E02-A673-0A0837DFBDE3}.Release|Any CPU.Build.0 = Release|Any CPU
		{2EC24CD2-F8FF-4542-97D0-1198CF49C141}.Debug|Any CPU.ActiveCfg = Debug|Any CPU
		{2EC24CD2-F8FF-4542-97D0-1198CF49C141}.Debug|Any CPU.Build.0 = Debug|Any CPU
		{2EC24CD2-F8FF-4542-97D0-1198CF49C141}.Release|Any CPU.ActiveCfg = Release|Any CPU
		{2EC24CD2-F8FF-4542-97D0-1198CF49C141}.Release|Any CPU.Build.0 = Release|Any CPU
		{1F5ECE36-CBE7-43F3-BD0B-D0E00FE11C34}.Debug|Any CPU.ActiveCfg = Debug|Any CPU
		{1F5ECE36-CBE7-43F3-BD0B-D0E00FE11C34}.Debug|Any CPU.Build.0 = Debug|Any CPU
		{1F5ECE36-CBE7-43F3-BD0B-D0E00FE11C34}.Release|Any CPU.ActiveCfg = Release|Any CPU
		{1F5ECE36-CBE7-43F3-BD0B-D0E00FE11C34}.Release|Any CPU.Build.0 = Release|Any CPU
		{BA6843F8-EC38-45E8-9271-DC40B38D9030}.Debug|Any CPU.ActiveCfg = Debug|Any CPU
		{BA6843F8-EC38-45E8-9271-DC40B38D9030}.Debug|Any CPU.Build.0 = Debug|Any CPU
		{BA6843F8-EC38-45E8-9271-DC40B38D9030}.Release|Any CPU.ActiveCfg = Release|Any CPU
		{BA6843F8-EC38-45E8-9271-DC40B38D9030}.Release|Any CPU.Build.0 = Release|Any CPU
		{8CFFDFA8-C702-482D-B396-1212ECBF377B}.Debug|Any CPU.ActiveCfg = Debug|Any CPU
		{8CFFDFA8-C702-482D-B396-1212ECBF377B}.Debug|Any CPU.Build.0 = Debug|Any CPU
		{8CFFDFA8-C702-482D-B396-1212ECBF377B}.Release|Any CPU.ActiveCfg = Release|Any CPU
		{8CFFDFA8-C702-482D-B396-1212ECBF377B}.Release|Any CPU.Build.0 = Release|Any CPU
		{F68D2194-36EE-45E3-824A-62EAD623BB33}.Debug|Any CPU.ActiveCfg = Debug|Any CPU
		{F68D2194-36EE-45E3-824A-62EAD623BB33}.Debug|Any CPU.Build.0 = Debug|Any CPU
		{F68D2194-36EE-45E3-824A-62EAD623BB33}.Release|Any CPU.ActiveCfg = Release|Any CPU
		{F68D2194-36EE-45E3-824A-62EAD623BB33}.Release|Any CPU.Build.0 = Release|Any CPU
		{A4F3FDD5-CC81-4FE8-AEBE-4E6BF1D77EC0}.Debug|Any CPU.ActiveCfg = Debug|Any CPU
		{A4F3FDD5-CC81-4FE8-AEBE-4E6BF1D77EC0}.Debug|Any CPU.Build.0 = Debug|Any CPU
		{A4F3FDD5-CC81-4FE8-AEBE-4E6BF1D77EC0}.Release|Any CPU.ActiveCfg = Release|Any CPU
		{A4F3FDD5-CC81-4FE8-AEBE-4E6BF1D77EC0}.Release|Any CPU.Build.0 = Release|Any CPU
		{4188C3CA-4487-44F8-B258-CF7C7ABBCE2C}.Debug|Any CPU.ActiveCfg = Debug|Any CPU
		{4188C3CA-4487-44F8-B258-CF7C7ABBCE2C}.Debug|Any CPU.Build.0 = Debug|Any CPU
		{4188C3CA-4487-44F8-B258-CF7C7ABBCE2C}.Release|Any CPU.ActiveCfg = Release|Any CPU
		{4188C3CA-4487-44F8-B258-CF7C7ABBCE2C}.Release|Any CPU.Build.0 = Release|Any CPU
		{B1B35F4A-031F-477E-8061-290C5C6F55D2}.Debug|Any CPU.ActiveCfg = Debug|Any CPU
		{B1B35F4A-031F-477E-8061-290C5C6F55D2}.Debug|Any CPU.Build.0 = Debug|Any CPU
		{B1B35F4A-031F-477E-8061-290C5C6F55D2}.Release|Any CPU.ActiveCfg = Release|Any CPU
		{B1B35F4A-031F-477E-8061-290C5C6F55D2}.Release|Any CPU.Build.0 = Release|Any CPU
		{34562286-322A-4F6D-9502-9807D32E63FD}.Debug|Any CPU.ActiveCfg = Debug|Any CPU
		{34562286-322A-4F6D-9502-9807D32E63FD}.Debug|Any CPU.Build.0 = Debug|Any CPU
		{34562286-322A-4F6D-9502-9807D32E63FD}.Release|Any CPU.ActiveCfg = Release|Any CPU
		{34562286-322A-4F6D-9502-9807D32E63FD}.Release|Any CPU.Build.0 = Release|Any CPU
		{3D2BD0C4-807F-4F30-8EB4-911584DAB9B2}.Debug|Any CPU.ActiveCfg = Debug|Any CPU
		{3D2BD0C4-807F-4F30-8EB4-911584DAB9B2}.Debug|Any CPU.Build.0 = Debug|Any CPU
		{3D2BD0C4-807F-4F30-8EB4-911584DAB9B2}.Release|Any CPU.ActiveCfg = Release|Any CPU
		{3D2BD0C4-807F-4F30-8EB4-911584DAB9B2}.Release|Any CPU.Build.0 = Release|Any CPU
		{74ED720B-9C04-4407-8A1D-1A7871FDB888}.Debug|Any CPU.ActiveCfg = Debug|Any CPU
		{74ED720B-9C04-4407-8A1D-1A7871FDB888}.Debug|Any CPU.Build.0 = Debug|Any CPU
		{74ED720B-9C04-4407-8A1D-1A7871FDB888}.Release|Any CPU.ActiveCfg = Release|Any CPU
		{74ED720B-9C04-4407-8A1D-1A7871FDB888}.Release|Any CPU.Build.0 = Release|Any CPU
		{5847915C-3A4F-4327-821C-D775EDAF99D1}.Debug|Any CPU.ActiveCfg = Debug|Any CPU
		{5847915C-3A4F-4327-821C-D775EDAF99D1}.Debug|Any CPU.Build.0 = Debug|Any CPU
		{5847915C-3A4F-4327-821C-D775EDAF99D1}.Release|Any CPU.ActiveCfg = Release|Any CPU
		{5847915C-3A4F-4327-821C-D775EDAF99D1}.Release|Any CPU.Build.0 = Release|Any CPU
		{C41E5D49-1574-4498-9419-1F277A881898}.Debug|Any CPU.ActiveCfg = Debug|Any CPU
		{C41E5D49-1574-4498-9419-1F277A881898}.Debug|Any CPU.Build.0 = Debug|Any CPU
		{C41E5D49-1574-4498-9419-1F277A881898}.Release|Any CPU.ActiveCfg = Release|Any CPU
		{C41E5D49-1574-4498-9419-1F277A881898}.Release|Any CPU.Build.0 = Release|Any CPU
		{D747734D-B1AE-4757-BAC6-13785805626D}.Debug|Any CPU.ActiveCfg = Debug|Any CPU
		{D747734D-B1AE-4757-BAC6-13785805626D}.Release|Any CPU.ActiveCfg = Release|Any CPU
		{EE8BE730-7219-4FE1-B975-248FB6255DB1}.Debug|Any CPU.ActiveCfg = Debug|Any CPU
		{EE8BE730-7219-4FE1-B975-248FB6255DB1}.Debug|Any CPU.Build.0 = Debug|Any CPU
		{EE8BE730-7219-4FE1-B975-248FB6255DB1}.Release|Any CPU.ActiveCfg = Release|Any CPU
		{EE8BE730-7219-4FE1-B975-248FB6255DB1}.Release|Any CPU.Build.0 = Release|Any CPU
	EndGlobalSection
	GlobalSection(SolutionProperties) = preSolution
		HideSolutionNode = FALSE
	EndGlobalSection
	GlobalSection(NestedProjects) = preSolution
		{A3D15D3A-BD82-4D19-BC32-56148D879FF4} = {9141E8DC-E552-4591-883D-3BF52099F6ED}
		{1A480A4C-62D6-4142-B0FB-B7370C807CE9} = {F3C41F80-7727-43D0-80D1-7973A81E5C12}
		{2150D28D-4C1D-4FB2-B1F4-7CAD52336F79} = {F3C41F80-7727-43D0-80D1-7973A81E5C12}
		{8600A231-212B-43DC-8F8B-F35671DC9D36} = {F3C41F80-7727-43D0-80D1-7973A81E5C12}
		{415B9332-31A3-47A7-AD1B-BA731DEC3958} = {F3C41F80-7727-43D0-80D1-7973A81E5C12}
		{B68675D0-0D50-4E02-A673-0A0837DFBDE3} = {9141E8DC-E552-4591-883D-3BF52099F6ED}
		{2EC24CD2-F8FF-4542-97D0-1198CF49C141} = {9141E8DC-E552-4591-883D-3BF52099F6ED}
		{1F5ECE36-CBE7-43F3-BD0B-D0E00FE11C34} = {9141E8DC-E552-4591-883D-3BF52099F6ED}
		{BA6843F8-EC38-45E8-9271-DC40B38D9030} = {9141E8DC-E552-4591-883D-3BF52099F6ED}
		{8CFFDFA8-C702-482D-B396-1212ECBF377B} = {F3C41F80-7727-43D0-80D1-7973A81E5C12}
		{F68D2194-36EE-45E3-824A-62EAD623BB33} = {F93C1294-50E1-4A21-8554-AD759470B021}
		{A4F3FDD5-CC81-4FE8-AEBE-4E6BF1D77EC0} = {3FC2BB77-E3F8-4A2C-B481-92E317747B3D}
		{4188C3CA-4487-44F8-B258-CF7C7ABBCE2C} = {3FC2BB77-E3F8-4A2C-B481-92E317747B3D}
		{B1B35F4A-031F-477E-8061-290C5C6F55D2} = {052E8399-1779-48D7-83D1-A0EF2F21CA30}
		{34562286-322A-4F6D-9502-9807D32E63FD} = {052E8399-1779-48D7-83D1-A0EF2F21CA30}
		{3D2BD0C4-807F-4F30-8EB4-911584DAB9B2} = {8AE64D45-7D3E-42A3-92B0-CACFA2FDF925}
		{74ED720B-9C04-4407-8A1D-1A7871FDB888} = {2D9F59CE-ED13-4F54-995D-3269A92D14BF}
		{5847915C-3A4F-4327-821C-D775EDAF99D1} = {9141E8DC-E552-4591-883D-3BF52099F6ED}
		{6AE6F3F7-FE0A-4CC0-AD3A-948D6764E9C1} = {5E05B9C5-6765-44FC-8A6E-BEE018BDEA9B}
		{C41E5D49-1574-4498-9419-1F277A881898} = {8AE64D45-7D3E-42A3-92B0-CACFA2FDF925}
		{D747734D-B1AE-4757-BAC6-13785805626D} = {B5529E7C-26C5-4A91-BA0E-EDEA9D367DA3}
		{EE8BE730-7219-4FE1-B975-248FB6255DB1} = {B5529E7C-26C5-4A91-BA0E-EDEA9D367DA3}
	EndGlobalSection
	GlobalSection(ExtensibilityGlobals) = postSolution
		SolutionGuid = {E982D088-16DA-46BF-A043-B1326577DB77}
	EndGlobalSection
EndGlobal
