
Microsoft Visual Studio Solution File, Format Version 12.00
# Visual Studio 14
VisualStudioVersion = 14.0.22310.1
MinimumVisualStudioVersion = 10.0.40219.1
Project("{FAE04EC0-301F-11D3-BF4B-00C04F79EFBC}") = "IX.Framework.Core", "IX.Framework.Core\IX.Framework.Core.csproj", "{BB3DAB11-9039-484F-BF08-2762742DBC65}"
EndProject
Project("{FAE04EC0-301F-11D3-BF4B-00C04F79EFBC}") = "IX.Framework.Core.UnitTests", "IX.Framework.Core.UnitTests\IX.Framework.Core.UnitTests.csproj", "{4F6A7E68-EA75-4213-99EB-4BEA5D42CD39}"
EndProject
Project("{FAE04EC0-301F-11D3-BF4B-00C04F79EFBC}") = "IX.Framework.IO", "IX.Framework.IO\IX.Framework.IO.csproj", "{B3B83472-DD38-47EC-9371-A831775CDF2D}"
EndProject
Project("{FAE04EC0-301F-11D3-BF4B-00C04F79EFBC}") = "IX.Framework.IO.WindowsFileSystem", "IX.Framework.IO.WindowsFileSystem\IX.Framework.IO.WindowsFileSystem.csproj", "{05065FF8-928E-4547-9F1F-9F1EB8609BD9}"
EndProject
Project("{FAE04EC0-301F-11D3-BF4B-00C04F79EFBC}") = "IX.Framework.IO.AzureFileSystem", "IX.Framework.IO.AzureFileSystem\IX.Framework.IO.AzureFileSystem.csproj", "{2B76719F-EE20-4ADF-BD06-DACC7F0916C0}"
EndProject
Global
	GlobalSection(SolutionConfigurationPlatforms) = preSolution
		Debug|Any CPU = Debug|Any CPU
		Release|Any CPU = Release|Any CPU
	EndGlobalSection
	GlobalSection(ProjectConfigurationPlatforms) = postSolution
		{BB3DAB11-9039-484F-BF08-2762742DBC65}.Debug|Any CPU.ActiveCfg = Debug|Any CPU
		{BB3DAB11-9039-484F-BF08-2762742DBC65}.Debug|Any CPU.Build.0 = Debug|Any CPU
		{BB3DAB11-9039-484F-BF08-2762742DBC65}.Release|Any CPU.ActiveCfg = Release|Any CPU
		{BB3DAB11-9039-484F-BF08-2762742DBC65}.Release|Any CPU.Build.0 = Release|Any CPU
		{4F6A7E68-EA75-4213-99EB-4BEA5D42CD39}.Debug|Any CPU.ActiveCfg = Debug|Any CPU
		{4F6A7E68-EA75-4213-99EB-4BEA5D42CD39}.Debug|Any CPU.Build.0 = Debug|Any CPU
		{4F6A7E68-EA75-4213-99EB-4BEA5D42CD39}.Release|Any CPU.ActiveCfg = Release|Any CPU
		{4F6A7E68-EA75-4213-99EB-4BEA5D42CD39}.Release|Any CPU.Build.0 = Release|Any CPU
		{B3B83472-DD38-47EC-9371-A831775CDF2D}.Debug|Any CPU.ActiveCfg = Debug|Any CPU
		{B3B83472-DD38-47EC-9371-A831775CDF2D}.Debug|Any CPU.Build.0 = Debug|Any CPU
		{B3B83472-DD38-47EC-9371-A831775CDF2D}.Release|Any CPU.ActiveCfg = Release|Any CPU
		{B3B83472-DD38-47EC-9371-A831775CDF2D}.Release|Any CPU.Build.0 = Release|Any CPU
		{05065FF8-928E-4547-9F1F-9F1EB8609BD9}.Debug|Any CPU.ActiveCfg = Debug|Any CPU
		{05065FF8-928E-4547-9F1F-9F1EB8609BD9}.Debug|Any CPU.Build.0 = Debug|Any CPU
		{05065FF8-928E-4547-9F1F-9F1EB8609BD9}.Release|Any CPU.ActiveCfg = Release|Any CPU
		{05065FF8-928E-4547-9F1F-9F1EB8609BD9}.Release|Any CPU.Build.0 = Release|Any CPU
		{2B76719F-EE20-4ADF-BD06-DACC7F0916C0}.Debug|Any CPU.ActiveCfg = Debug|Any CPU
		{2B76719F-EE20-4ADF-BD06-DACC7F0916C0}.Debug|Any CPU.Build.0 = Debug|Any CPU
		{2B76719F-EE20-4ADF-BD06-DACC7F0916C0}.Release|Any CPU.ActiveCfg = Release|Any CPU
		{2B76719F-EE20-4ADF-BD06-DACC7F0916C0}.Release|Any CPU.Build.0 = Release|Any CPU
	EndGlobalSection
	GlobalSection(SolutionProperties) = preSolution
		HideSolutionNode = FALSE
	EndGlobalSection
EndGlobal
